
Microsoft Visual Studio Solution File, Format Version 12.00
# Visual Studio 14
VisualStudioVersion = 14.0.25420.1
MinimumVisualStudioVersion = 10.0.40219.1
Project("{FAE04EC0-301F-11D3-BF4B-00C04F79EFBC}") = "Login", "Login\Login.csproj", "{44BA522A-3061-4BB4-8417-436E22D82292}"
EndProject
Project("{FAE04EC0-301F-11D3-BF4B-00C04F79EFBC}") = "manager", "manager\manager.csproj", "{6805BD2A-A355-4F7C-B230-F149C7D47294}"
EndProject
Project("{FAE04EC0-301F-11D3-BF4B-00C04F79EFBC}") = "receptionist ui", "PPA UI\receptionist ui\receptionist ui.csproj", "{B5A22BD3-7C2C-4D9E-AD69-59224A250164}"
EndProject
Project("{FAE04EC0-301F-11D3-BF4B-00C04F79EFBC}") = "eye_tecnician", "PPA UI\Enter Patients Details\eye_tecnician.csproj", "{063F80E5-C833-45DA-85A2-C151E65FCE16}"
EndProject
Project("{FAE04EC0-301F-11D3-BF4B-00C04F79EFBC}") = "workshop", "workshop\workshop.csproj", "{D9807967-20B1-44EE-AE86-4B5EB7C7472A}"
EndProject
Global
	GlobalSection(SolutionConfigurationPlatforms) = preSolution
		Debug|Any CPU = Debug|Any CPU
		Release|Any CPU = Release|Any CPU
	EndGlobalSection
	GlobalSection(ProjectConfigurationPlatforms) = postSolution
		{44BA522A-3061-4BB4-8417-436E22D82292}.Debug|Any CPU.ActiveCfg = Debug|Any CPU
		{44BA522A-3061-4BB4-8417-436E22D82292}.Debug|Any CPU.Build.0 = Debug|Any CPU
		{44BA522A-3061-4BB4-8417-436E22D82292}.Release|Any CPU.ActiveCfg = Release|Any CPU
		{44BA522A-3061-4BB4-8417-436E22D82292}.Release|Any CPU.Build.0 = Release|Any CPU
		{6805BD2A-A355-4F7C-B230-F149C7D47294}.Debug|Any CPU.ActiveCfg = Debug|Any CPU
		{6805BD2A-A355-4F7C-B230-F149C7D47294}.Debug|Any CPU.Build.0 = Debug|Any CPU
		{6805BD2A-A355-4F7C-B230-F149C7D47294}.Release|Any CPU.ActiveCfg = Release|Any CPU
		{6805BD2A-A355-4F7C-B230-F149C7D47294}.Release|Any CPU.Build.0 = Release|Any CPU
		{B5A22BD3-7C2C-4D9E-AD69-59224A250164}.Debug|Any CPU.ActiveCfg = Debug|Any CPU
		{B5A22BD3-7C2C-4D9E-AD69-59224A250164}.Debug|Any CPU.Build.0 = Debug|Any CPU
		{B5A22BD3-7C2C-4D9E-AD69-59224A250164}.Release|Any CPU.ActiveCfg = Release|Any CPU
		{B5A22BD3-7C2C-4D9E-AD69-59224A250164}.Release|Any CPU.Build.0 = Release|Any CPU
		{063F80E5-C833-45DA-85A2-C151E65FCE16}.Debug|Any CPU.ActiveCfg = Debug|Any CPU
		{063F80E5-C833-45DA-85A2-C151E65FCE16}.Debug|Any CPU.Build.0 = Debug|Any CPU
		{063F80E5-C833-45DA-85A2-C151E65FCE16}.Release|Any CPU.ActiveCfg = Release|Any CPU
		{063F80E5-C833-45DA-85A2-C151E65FCE16}.Release|Any CPU.Build.0 = Release|Any CPU
		{D9807967-20B1-44EE-AE86-4B5EB7C7472A}.Debug|Any CPU.ActiveCfg = Debug|Any CPU
		{D9807967-20B1-44EE-AE86-4B5EB7C7472A}.Debug|Any CPU.Build.0 = Debug|Any CPU
		{D9807967-20B1-44EE-AE86-4B5EB7C7472A}.Release|Any CPU.ActiveCfg = Release|Any CPU
		{D9807967-20B1-44EE-AE86-4B5EB7C7472A}.Release|Any CPU.Build.0 = Release|Any CPU
	EndGlobalSection
	GlobalSection(SolutionProperties) = preSolution
		HideSolutionNode = FALSE
	EndGlobalSection
EndGlobal
